
Microsoft Visual Studio Solution File, Format Version 12.00
Project("{FAE04EC0-301F-11D3-BF4B-00C04F79EFBC}") = "TimeHelper", "TimeHelper.csproj", "{48FD18D9-D824-4F50-8284-38359E6B310B}"
EndProject
Global
	GlobalSection(SolutionConfigurationPlatforms) = preSolution
		Debug|Any CPU = Debug|Any CPU
		Release|Any CPU = Release|Any CPU
	EndGlobalSection
	GlobalSection(ProjectConfigurationPlatforms) = postSolution
		{48FD18D9-D824-4F50-8284-38359E6B310B}.Debug|Any CPU.ActiveCfg = Debug|Any CPU
		{48FD18D9-D824-4F50-8284-38359E6B310B}.Debug|Any CPU.Build.0 = Debug|Any CPU
		{48FD18D9-D824-4F50-8284-38359E6B310B}.Release|Any CPU.ActiveCfg = Release|Any CPU
		{48FD18D9-D824-4F50-8284-38359E6B310B}.Release|Any CPU.Build.0 = Release|Any CPU
	EndGlobalSection
EndGlobal
